
Microsoft Visual Studio Solution File, Format Version 12.00
# Visual Studio 15
VisualStudioVersion = 15.0.28307.572
MinimumVisualStudioVersion = 10.0.40219.1
Project("{FAE04EC0-301F-11D3-BF4B-00C04F79EFBC}") = "WebSurgeSamplePlugin", "WebSurgeSamplePlugin.csproj", "{F7911D80-F226-46D1-92B0-4E2E420683EE}"
EndProject
Global
	GlobalSection(SolutionConfigurationPlatforms) = preSolution
		Debug|Any CPU = Debug|Any CPU
		Release|Any CPU = Release|Any CPU
	EndGlobalSection
	GlobalSection(ProjectConfigurationPlatforms) = postSolution
		{F7911D80-F226-46D1-92B0-4E2E420683EE}.Debug|Any CPU.ActiveCfg = Debug|Any CPU
		{F7911D80-F226-46D1-92B0-4E2E420683EE}.Debug|Any CPU.Build.0 = Debug|Any CPU
		{F7911D80-F226-46D1-92B0-4E2E420683EE}.Release|Any CPU.ActiveCfg = Release|Any CPU
		{F7911D80-F226-46D1-92B0-4E2E420683EE}.Release|Any CPU.Build.0 = Release|Any CPU
	EndGlobalSection
	GlobalSection(SolutionProperties) = preSolution
		HideSolutionNode = FALSE
	EndGlobalSection
	GlobalSection(ExtensibilityGlobals) = postSolution
		SolutionGuid = {9F1FB415-EBDB-431D-9D75-7BFB3039D208}
	EndGlobalSection
EndGlobal
