
Microsoft Visual Studio Solution File, Format Version 12.00
# Visual Studio 2013
VisualStudioVersion = 12.0.30501.0
MinimumVisualStudioVersion = 10.0.40219.1
Project("{FAE04EC0-301F-11D3-BF4B-00C04F79EFBC}") = "WebSurge", "WebSurge\WebSurge.csproj", "{978F07C6-754B-43CF-9E3C-73D2AA716074}"
EndProject
Project("{FAE04EC0-301F-11D3-BF4B-00C04F79EFBC}") = "WebSurge.Tests", "WebSurge.Tests\WebSurge.Tests.csproj", "{AB515E3A-CD65-4359-AFA3-995B9BE943DA}"
EndProject
Project("{2150E333-8FDC-42A3-9474-1A3956D46DE8}") = ".nuget", ".nuget", "{B8F8A423-A77C-4D8E-98AB-02184DDB4424}"
	ProjectSection(SolutionItems) = preProject
		.nuget\NuGet.Config = .nuget\NuGet.Config
		.nuget\NuGet.exe = .nuget\NuGet.exe
		.nuget\NuGet.targets = .nuget\NuGet.targets
	EndProjectSection
EndProject
Project("{FAE04EC0-301F-11D3-BF4B-00C04F79EFBC}") = "Westwind.Utilities", "c:\projects2010\WestwindToolkit\Westwind.Utilities\Westwind.Utilities.csproj", "{1C9829A8-8979-4493-863C-635726F8A61C}"
EndProject
Project("{FAE04EC0-301F-11D3-BF4B-00C04F79EFBC}") = "WebSurge.Core", "WebSurge.Core\WebSurge.Core.csproj", "{9FFDE5F2-1DBF-43DF-BE64-FD543F355444}"
EndProject
Project("{FAE04EC0-301F-11D3-BF4B-00C04F79EFBC}") = "WebSurgeCli", "WebSurgeCli\WebSurgeCli.csproj", "{CC2FF462-53FA-4392-8D8B-53B932AA48A2}"
EndProject
Project("{E24C65DC-7377-472B-9ABA-BC803B73C61A}") = "WebSurge", "http://localhost:13344", "{146632EB-0D60-40CE-882D-67D54488BC63}"
	ProjectSection(WebsiteProperties) = preProject
		UseIISExpress = "true"
		TargetFrameworkMoniker = ".NETFramework,Version%3Dv4.0"
		Debug.AspNetCompiler.VirtualPath = "/localhost_13344"
		Debug.AspNetCompiler.PhysicalPath = "..\..\westwind\WebSurge\"
		Debug.AspNetCompiler.TargetPath = "PrecompiledWeb\localhost_13344\"
		Debug.AspNetCompiler.Updateable = "true"
		Debug.AspNetCompiler.ForceOverwrite = "true"
		Debug.AspNetCompiler.FixedNames = "false"
		Debug.AspNetCompiler.Debug = "True"
		Release.AspNetCompiler.VirtualPath = "/localhost_13344"
		Release.AspNetCompiler.PhysicalPath = "..\..\westwind\WebSurge\"
		Release.AspNetCompiler.TargetPath = "PrecompiledWeb\localhost_13344\"
		Release.AspNetCompiler.Updateable = "true"
		Release.AspNetCompiler.ForceOverwrite = "true"
		Release.AspNetCompiler.FixedNames = "false"
		Release.AspNetCompiler.Debug = "False"
		SlnRelativePath = "..\..\westwind\WebSurge\"
	EndProjectSection
EndProject
Project("{FAE04EC0-301F-11D3-BF4B-00C04F79EFBC}") = "Westwind.RazorHosting", "..\Libraries\Westwind.RazorHosting\Westwind.RazorHosting\Westwind.RazorHosting.csproj", "{ABF048CF-EAD5-40B7-AED2-B367E8579590}"
EndProject
Global
	GlobalSection(SolutionConfigurationPlatforms) = preSolution
		Debug|Any CPU = Debug|Any CPU
		Deploy|Any CPU = Deploy|Any CPU
		Release|Any CPU = Release|Any CPU
		SandBox|Any CPU = SandBox|Any CPU
	EndGlobalSection
	GlobalSection(ProjectConfigurationPlatforms) = postSolution
		{978F07C6-754B-43CF-9E3C-73D2AA716074}.Debug|Any CPU.ActiveCfg = Debug|Any CPU
		{978F07C6-754B-43CF-9E3C-73D2AA716074}.Debug|Any CPU.Build.0 = Debug|Any CPU
		{978F07C6-754B-43CF-9E3C-73D2AA716074}.Deploy|Any CPU.ActiveCfg = Debug|Any CPU
		{978F07C6-754B-43CF-9E3C-73D2AA716074}.Deploy|Any CPU.Build.0 = Debug|Any CPU
		{978F07C6-754B-43CF-9E3C-73D2AA716074}.Release|Any CPU.ActiveCfg = Release|Any CPU
		{978F07C6-754B-43CF-9E3C-73D2AA716074}.Release|Any CPU.Build.0 = Release|Any CPU
		{978F07C6-754B-43CF-9E3C-73D2AA716074}.SandBox|Any CPU.ActiveCfg = Release|Any CPU
		{978F07C6-754B-43CF-9E3C-73D2AA716074}.SandBox|Any CPU.Build.0 = Release|Any CPU
		{AB515E3A-CD65-4359-AFA3-995B9BE943DA}.Debug|Any CPU.ActiveCfg = Debug|Any CPU
		{AB515E3A-CD65-4359-AFA3-995B9BE943DA}.Debug|Any CPU.Build.0 = Debug|Any CPU
		{AB515E3A-CD65-4359-AFA3-995B9BE943DA}.Deploy|Any CPU.ActiveCfg = Debug|Any CPU
		{AB515E3A-CD65-4359-AFA3-995B9BE943DA}.Deploy|Any CPU.Build.0 = Debug|Any CPU
		{AB515E3A-CD65-4359-AFA3-995B9BE943DA}.Release|Any CPU.ActiveCfg = Release|Any CPU
		{AB515E3A-CD65-4359-AFA3-995B9BE943DA}.Release|Any CPU.Build.0 = Release|Any CPU
		{AB515E3A-CD65-4359-AFA3-995B9BE943DA}.SandBox|Any CPU.ActiveCfg = Release|Any CPU
		{AB515E3A-CD65-4359-AFA3-995B9BE943DA}.SandBox|Any CPU.Build.0 = Release|Any CPU
		{1C9829A8-8979-4493-863C-635726F8A61C}.Debug|Any CPU.ActiveCfg = Debug|Any CPU
		{1C9829A8-8979-4493-863C-635726F8A61C}.Debug|Any CPU.Build.0 = Debug|Any CPU
		{1C9829A8-8979-4493-863C-635726F8A61C}.Deploy|Any CPU.ActiveCfg = Deploy|Any CPU
		{1C9829A8-8979-4493-863C-635726F8A61C}.Deploy|Any CPU.Build.0 = Deploy|Any CPU
		{1C9829A8-8979-4493-863C-635726F8A61C}.Release|Any CPU.ActiveCfg = Release|Any CPU
		{1C9829A8-8979-4493-863C-635726F8A61C}.Release|Any CPU.Build.0 = Release|Any CPU
		{1C9829A8-8979-4493-863C-635726F8A61C}.SandBox|Any CPU.ActiveCfg = SandBox|Any CPU
		{1C9829A8-8979-4493-863C-635726F8A61C}.SandBox|Any CPU.Build.0 = SandBox|Any CPU
		{9FFDE5F2-1DBF-43DF-BE64-FD543F355444}.Debug|Any CPU.ActiveCfg = Debug|Any CPU
		{9FFDE5F2-1DBF-43DF-BE64-FD543F355444}.Debug|Any CPU.Build.0 = Debug|Any CPU
		{9FFDE5F2-1DBF-43DF-BE64-FD543F355444}.Deploy|Any CPU.ActiveCfg = Debug|Any CPU
		{9FFDE5F2-1DBF-43DF-BE64-FD543F355444}.Deploy|Any CPU.Build.0 = Debug|Any CPU
		{9FFDE5F2-1DBF-43DF-BE64-FD543F355444}.Release|Any CPU.ActiveCfg = Release|Any CPU
		{9FFDE5F2-1DBF-43DF-BE64-FD543F355444}.Release|Any CPU.Build.0 = Release|Any CPU
		{9FFDE5F2-1DBF-43DF-BE64-FD543F355444}.SandBox|Any CPU.ActiveCfg = Release|Any CPU
		{9FFDE5F2-1DBF-43DF-BE64-FD543F355444}.SandBox|Any CPU.Build.0 = Release|Any CPU
		{CC2FF462-53FA-4392-8D8B-53B932AA48A2}.Debug|Any CPU.ActiveCfg = Debug|Any CPU
		{CC2FF462-53FA-4392-8D8B-53B932AA48A2}.Debug|Any CPU.Build.0 = Debug|Any CPU
		{CC2FF462-53FA-4392-8D8B-53B932AA48A2}.Deploy|Any CPU.ActiveCfg = Debug|Any CPU
		{CC2FF462-53FA-4392-8D8B-53B932AA48A2}.Deploy|Any CPU.Build.0 = Debug|Any CPU
		{CC2FF462-53FA-4392-8D8B-53B932AA48A2}.Release|Any CPU.ActiveCfg = Release|Any CPU
		{CC2FF462-53FA-4392-8D8B-53B932AA48A2}.Release|Any CPU.Build.0 = Release|Any CPU
		{CC2FF462-53FA-4392-8D8B-53B932AA48A2}.SandBox|Any CPU.ActiveCfg = Release|Any CPU
		{CC2FF462-53FA-4392-8D8B-53B932AA48A2}.SandBox|Any CPU.Build.0 = Release|Any CPU
		{146632EB-0D60-40CE-882D-67D54488BC63}.Debug|Any CPU.ActiveCfg = Debug|Any CPU
		{146632EB-0D60-40CE-882D-67D54488BC63}.Debug|Any CPU.Build.0 = Debug|Any CPU
		{146632EB-0D60-40CE-882D-67D54488BC63}.Deploy|Any CPU.ActiveCfg = Debug|Any CPU
		{146632EB-0D60-40CE-882D-67D54488BC63}.Deploy|Any CPU.Build.0 = Debug|Any CPU
		{146632EB-0D60-40CE-882D-67D54488BC63}.Release|Any CPU.ActiveCfg = Debug|Any CPU
		{146632EB-0D60-40CE-882D-67D54488BC63}.Release|Any CPU.Build.0 = Debug|Any CPU
		{146632EB-0D60-40CE-882D-67D54488BC63}.SandBox|Any CPU.ActiveCfg = Debug|Any CPU
		{146632EB-0D60-40CE-882D-67D54488BC63}.SandBox|Any CPU.Build.0 = Debug|Any CPU
		{ABF048CF-EAD5-40B7-AED2-B367E8579590}.Debug|Any CPU.ActiveCfg = Debug|Any CPU
		{ABF048CF-EAD5-40B7-AED2-B367E8579590}.Debug|Any CPU.Build.0 = Debug|Any CPU
		{ABF048CF-EAD5-40B7-AED2-B367E8579590}.Deploy|Any CPU.ActiveCfg = Debug|Any CPU
		{ABF048CF-EAD5-40B7-AED2-B367E8579590}.Deploy|Any CPU.Build.0 = Debug|Any CPU
		{ABF048CF-EAD5-40B7-AED2-B367E8579590}.Release|Any CPU.ActiveCfg = Release|Any CPU
		{ABF048CF-EAD5-40B7-AED2-B367E8579590}.Release|Any CPU.Build.0 = Release|Any CPU
		{ABF048CF-EAD5-40B7-AED2-B367E8579590}.SandBox|Any CPU.ActiveCfg = Release|Any CPU
		{ABF048CF-EAD5-40B7-AED2-B367E8579590}.SandBox|Any CPU.Build.0 = Release|Any CPU
	EndGlobalSection
	GlobalSection(SolutionProperties) = preSolution
		HideSolutionNode = FALSE
	EndGlobalSection
EndGlobal
