
Microsoft Visual Studio Solution File, Format Version 12.00
# Visual Studio 2013
VisualStudioVersion = 12.0.31101.0
MinimumVisualStudioVersion = 10.0.40219.1
Project("{FAE04EC0-301F-11D3-BF4B-00C04F79EFBC}") = "WebSurge", "WebSurge\WebSurge.csproj", "{978F07C6-754B-43CF-9E3C-73D2AA716074}"
EndProject
Project("{FAE04EC0-301F-11D3-BF4B-00C04F79EFBC}") = "WebSurge.Tests", "WebSurge.Tests\WebSurge.Tests.csproj", "{AB515E3A-CD65-4359-AFA3-995B9BE943DA}"
EndProject
Project("{2150E333-8FDC-42A3-9474-1A3956D46DE8}") = ".nuget", ".nuget", "{B8F8A423-A77C-4D8E-98AB-02184DDB4424}"
	ProjectSection(SolutionItems) = preProject
		.nuget\NuGet.Config = .nuget\NuGet.Config
		.nuget\NuGet.exe = .nuget\NuGet.exe
		.nuget\NuGet.targets = .nuget\NuGet.targets
	EndProjectSection
EndProject
Project("{FAE04EC0-301F-11D3-BF4B-00C04F79EFBC}") = "WebSurge.Core", "WebSurge.Core\WebSurge.Core.csproj", "{9FFDE5F2-1DBF-43DF-BE64-FD543F355444}"
EndProject
Project("{FAE04EC0-301F-11D3-BF4B-00C04F79EFBC}") = "WebSurgeCli", "WebSurgeCli\WebSurgeCli.csproj", "{CC2FF462-53FA-4392-8D8B-53B932AA48A2}"
EndProject
Project("{2150E333-8FDC-42A3-9474-1A3956D46DE8}") = "Docs", "Docs", "{D2199721-D8A0-42B7-962B-E7562F9530A0}"
	ProjectSection(SolutionItems) = preProject
		ChangeLog.md = ChangeLog.md
		Readme.md = Readme.md
		ToDo.md = ToDo.md
	EndProjectSection
EndProject
Project("{FAE04EC0-301F-11D3-BF4B-00C04F79EFBC}") = "WebSurge.Server", "WebSurge.Server\WebSurge.Server.csproj", "{4948FBD9-D4D8-4FB7-BB50-C18C1F1AA9F2}"
EndProject
Project("{FAE04EC0-301F-11D3-BF4B-00C04F79EFBC}") = "WebSurge.SampleWeb", "WebSurge.SampleWeb\WebSurge.SampleWeb.csproj", "{8CA4E044-9411-40E7-85A8-4CE3E274AF95}"
EndProject
Project("{E24C65DC-7377-472B-9ABA-BC803B73C61A}") = "Html", "http://localhost:9751", "{863BAB11-5D9E-4EE4-B22E-16AB53DC166A}"
	ProjectSection(WebsiteProperties) = preProject
		UseIISExpress = "true"
		TargetFrameworkMoniker = ".NETFramework,Version%3Dv4.0"
		Debug.AspNetCompiler.VirtualPath = "/localhost_9751"
		Debug.AspNetCompiler.PhysicalPath = "..\..\Users\Rick\AppData\Roaming\West Wind WebSurge\Html\"
		Debug.AspNetCompiler.TargetPath = "PrecompiledWeb\localhost_9751\"
		Debug.AspNetCompiler.Updateable = "true"
		Debug.AspNetCompiler.ForceOverwrite = "true"
		Debug.AspNetCompiler.FixedNames = "false"
		Debug.AspNetCompiler.Debug = "True"
		Release.AspNetCompiler.VirtualPath = "/localhost_9751"
		Release.AspNetCompiler.PhysicalPath = "..\..\Users\Rick\AppData\Roaming\West Wind WebSurge\Html\"
		Release.AspNetCompiler.TargetPath = "PrecompiledWeb\localhost_9751\"
		Release.AspNetCompiler.Updateable = "true"
		Release.AspNetCompiler.ForceOverwrite = "true"
		Release.AspNetCompiler.FixedNames = "false"
		Release.AspNetCompiler.Debug = "False"
		SlnRelativePath = "..\..\Users\Rick\AppData\Roaming\West Wind WebSurge\Html\"
	EndProjectSection
EndProject
Project("{2150E333-8FDC-42A3-9474-1A3956D46DE8}") = "Solution Items", "Solution Items", "{35CE5CBE-2C7A-4634-B0D1-D14CA232B375}"
	ProjectSection(SolutionItems) = preProject
		WebEssentials-Settings.json = WebEssentials-Settings.json
		..\WestwindToolkit\Westwind.Utilities\Westwind.Utilities.csproj = ..\WestwindToolkit\Westwind.Utilities\Westwind.Utilities.csproj
	EndProjectSection
EndProject
Project("{FAE04EC0-301F-11D3-BF4B-00C04F79EFBC}") = "WebSurgeSamplePlugin", "WebSurgeSamplePlugin\WebSurgeSamplePlugin.csproj", "{F7911D80-F226-46D1-92B0-4E2E420683EE}"
EndProject
Project("{FAE04EC0-301F-11D3-BF4B-00C04F79EFBC}") = "Westwind.Utilities", "..\WestwindToolkit\Westwind.Utilities\Westwind.Utilities.csproj", "{1C9829A8-8979-4493-863C-635726F8A61C}"
EndProject
Global
	GlobalSection(SolutionConfigurationPlatforms) = preSolution
		Debug|Any CPU = Debug|Any CPU
		DemoMode|Any CPU = DemoMode|Any CPU
		Deploy|Any CPU = Deploy|Any CPU
		net40|Any CPU = net40|Any CPU
		Release|Any CPU = Release|Any CPU
		SandBox|Any CPU = SandBox|Any CPU
		Shareware|Any CPU = Shareware|Any CPU
	EndGlobalSection
	GlobalSection(ProjectConfigurationPlatforms) = postSolution
		{978F07C6-754B-43CF-9E3C-73D2AA716074}.Debug|Any CPU.ActiveCfg = Debug|Any CPU
		{978F07C6-754B-43CF-9E3C-73D2AA716074}.Debug|Any CPU.Build.0 = Debug|Any CPU
		{978F07C6-754B-43CF-9E3C-73D2AA716074}.DemoMode|Any CPU.ActiveCfg = Debug|Any CPU
		{978F07C6-754B-43CF-9E3C-73D2AA716074}.DemoMode|Any CPU.Build.0 = Debug|Any CPU
		{978F07C6-754B-43CF-9E3C-73D2AA716074}.Deploy|Any CPU.ActiveCfg = Debug|Any CPU
		{978F07C6-754B-43CF-9E3C-73D2AA716074}.Deploy|Any CPU.Build.0 = Debug|Any CPU
		{978F07C6-754B-43CF-9E3C-73D2AA716074}.net40|Any CPU.ActiveCfg = Release|Any CPU
		{978F07C6-754B-43CF-9E3C-73D2AA716074}.net40|Any CPU.Build.0 = Release|Any CPU
		{978F07C6-754B-43CF-9E3C-73D2AA716074}.Release|Any CPU.ActiveCfg = Release|Any CPU
		{978F07C6-754B-43CF-9E3C-73D2AA716074}.Release|Any CPU.Build.0 = Release|Any CPU
		{978F07C6-754B-43CF-9E3C-73D2AA716074}.SandBox|Any CPU.ActiveCfg = Release|Any CPU
		{978F07C6-754B-43CF-9E3C-73D2AA716074}.SandBox|Any CPU.Build.0 = Release|Any CPU
		{978F07C6-754B-43CF-9E3C-73D2AA716074}.Shareware|Any CPU.ActiveCfg = Release|Any CPU
		{978F07C6-754B-43CF-9E3C-73D2AA716074}.Shareware|Any CPU.Build.0 = Release|Any CPU
		{AB515E3A-CD65-4359-AFA3-995B9BE943DA}.Debug|Any CPU.ActiveCfg = Debug|Any CPU
		{AB515E3A-CD65-4359-AFA3-995B9BE943DA}.Debug|Any CPU.Build.0 = Debug|Any CPU
		{AB515E3A-CD65-4359-AFA3-995B9BE943DA}.DemoMode|Any CPU.ActiveCfg = Debug|Any CPU
		{AB515E3A-CD65-4359-AFA3-995B9BE943DA}.DemoMode|Any CPU.Build.0 = Debug|Any CPU
		{AB515E3A-CD65-4359-AFA3-995B9BE943DA}.Deploy|Any CPU.ActiveCfg = Debug|Any CPU
		{AB515E3A-CD65-4359-AFA3-995B9BE943DA}.Deploy|Any CPU.Build.0 = Debug|Any CPU
		{AB515E3A-CD65-4359-AFA3-995B9BE943DA}.net40|Any CPU.ActiveCfg = Release|Any CPU
		{AB515E3A-CD65-4359-AFA3-995B9BE943DA}.net40|Any CPU.Build.0 = Release|Any CPU
		{AB515E3A-CD65-4359-AFA3-995B9BE943DA}.Release|Any CPU.ActiveCfg = Release|Any CPU
		{AB515E3A-CD65-4359-AFA3-995B9BE943DA}.Release|Any CPU.Build.0 = Release|Any CPU
		{AB515E3A-CD65-4359-AFA3-995B9BE943DA}.SandBox|Any CPU.ActiveCfg = Release|Any CPU
		{AB515E3A-CD65-4359-AFA3-995B9BE943DA}.SandBox|Any CPU.Build.0 = Release|Any CPU
		{AB515E3A-CD65-4359-AFA3-995B9BE943DA}.Shareware|Any CPU.ActiveCfg = Release|Any CPU
		{AB515E3A-CD65-4359-AFA3-995B9BE943DA}.Shareware|Any CPU.Build.0 = Release|Any CPU
		{9FFDE5F2-1DBF-43DF-BE64-FD543F355444}.Debug|Any CPU.ActiveCfg = Debug|Any CPU
		{9FFDE5F2-1DBF-43DF-BE64-FD543F355444}.Debug|Any CPU.Build.0 = Debug|Any CPU
		{9FFDE5F2-1DBF-43DF-BE64-FD543F355444}.DemoMode|Any CPU.ActiveCfg = Debug|Any CPU
		{9FFDE5F2-1DBF-43DF-BE64-FD543F355444}.DemoMode|Any CPU.Build.0 = Debug|Any CPU
		{9FFDE5F2-1DBF-43DF-BE64-FD543F355444}.Deploy|Any CPU.ActiveCfg = Debug|Any CPU
		{9FFDE5F2-1DBF-43DF-BE64-FD543F355444}.Deploy|Any CPU.Build.0 = Debug|Any CPU
		{9FFDE5F2-1DBF-43DF-BE64-FD543F355444}.net40|Any CPU.ActiveCfg = Release|Any CPU
		{9FFDE5F2-1DBF-43DF-BE64-FD543F355444}.net40|Any CPU.Build.0 = Release|Any CPU
		{9FFDE5F2-1DBF-43DF-BE64-FD543F355444}.Release|Any CPU.ActiveCfg = Release|Any CPU
		{9FFDE5F2-1DBF-43DF-BE64-FD543F355444}.Release|Any CPU.Build.0 = Release|Any CPU
		{9FFDE5F2-1DBF-43DF-BE64-FD543F355444}.SandBox|Any CPU.ActiveCfg = Release|Any CPU
		{9FFDE5F2-1DBF-43DF-BE64-FD543F355444}.SandBox|Any CPU.Build.0 = Release|Any CPU
		{9FFDE5F2-1DBF-43DF-BE64-FD543F355444}.Shareware|Any CPU.ActiveCfg = Release|Any CPU
		{9FFDE5F2-1DBF-43DF-BE64-FD543F355444}.Shareware|Any CPU.Build.0 = Release|Any CPU
		{CC2FF462-53FA-4392-8D8B-53B932AA48A2}.Debug|Any CPU.ActiveCfg = Debug|Any CPU
		{CC2FF462-53FA-4392-8D8B-53B932AA48A2}.Debug|Any CPU.Build.0 = Debug|Any CPU
		{CC2FF462-53FA-4392-8D8B-53B932AA48A2}.DemoMode|Any CPU.ActiveCfg = Debug|Any CPU
		{CC2FF462-53FA-4392-8D8B-53B932AA48A2}.DemoMode|Any CPU.Build.0 = Debug|Any CPU
		{CC2FF462-53FA-4392-8D8B-53B932AA48A2}.Deploy|Any CPU.ActiveCfg = Debug|Any CPU
		{CC2FF462-53FA-4392-8D8B-53B932AA48A2}.Deploy|Any CPU.Build.0 = Debug|Any CPU
		{CC2FF462-53FA-4392-8D8B-53B932AA48A2}.net40|Any CPU.ActiveCfg = Release|Any CPU
		{CC2FF462-53FA-4392-8D8B-53B932AA48A2}.net40|Any CPU.Build.0 = Release|Any CPU
		{CC2FF462-53FA-4392-8D8B-53B932AA48A2}.Release|Any CPU.ActiveCfg = Release|Any CPU
		{CC2FF462-53FA-4392-8D8B-53B932AA48A2}.Release|Any CPU.Build.0 = Release|Any CPU
		{CC2FF462-53FA-4392-8D8B-53B932AA48A2}.SandBox|Any CPU.ActiveCfg = Release|Any CPU
		{CC2FF462-53FA-4392-8D8B-53B932AA48A2}.SandBox|Any CPU.Build.0 = Release|Any CPU
		{CC2FF462-53FA-4392-8D8B-53B932AA48A2}.Shareware|Any CPU.ActiveCfg = Release|Any CPU
		{CC2FF462-53FA-4392-8D8B-53B932AA48A2}.Shareware|Any CPU.Build.0 = Release|Any CPU
		{4948FBD9-D4D8-4FB7-BB50-C18C1F1AA9F2}.Debug|Any CPU.ActiveCfg = Debug|Any CPU
		{4948FBD9-D4D8-4FB7-BB50-C18C1F1AA9F2}.Debug|Any CPU.Build.0 = Debug|Any CPU
		{4948FBD9-D4D8-4FB7-BB50-C18C1F1AA9F2}.DemoMode|Any CPU.ActiveCfg = Debug|Any CPU
		{4948FBD9-D4D8-4FB7-BB50-C18C1F1AA9F2}.DemoMode|Any CPU.Build.0 = Debug|Any CPU
		{4948FBD9-D4D8-4FB7-BB50-C18C1F1AA9F2}.Deploy|Any CPU.ActiveCfg = Debug|Any CPU
		{4948FBD9-D4D8-4FB7-BB50-C18C1F1AA9F2}.Deploy|Any CPU.Build.0 = Debug|Any CPU
		{4948FBD9-D4D8-4FB7-BB50-C18C1F1AA9F2}.net40|Any CPU.ActiveCfg = Release|Any CPU
		{4948FBD9-D4D8-4FB7-BB50-C18C1F1AA9F2}.net40|Any CPU.Build.0 = Release|Any CPU
		{4948FBD9-D4D8-4FB7-BB50-C18C1F1AA9F2}.Release|Any CPU.ActiveCfg = Release|Any CPU
		{4948FBD9-D4D8-4FB7-BB50-C18C1F1AA9F2}.Release|Any CPU.Build.0 = Release|Any CPU
		{4948FBD9-D4D8-4FB7-BB50-C18C1F1AA9F2}.SandBox|Any CPU.ActiveCfg = Release|Any CPU
		{4948FBD9-D4D8-4FB7-BB50-C18C1F1AA9F2}.SandBox|Any CPU.Build.0 = Release|Any CPU
		{4948FBD9-D4D8-4FB7-BB50-C18C1F1AA9F2}.Shareware|Any CPU.ActiveCfg = Release|Any CPU
		{4948FBD9-D4D8-4FB7-BB50-C18C1F1AA9F2}.Shareware|Any CPU.Build.0 = Release|Any CPU
		{8CA4E044-9411-40E7-85A8-4CE3E274AF95}.Debug|Any CPU.ActiveCfg = Debug|Any CPU
		{8CA4E044-9411-40E7-85A8-4CE3E274AF95}.Debug|Any CPU.Build.0 = Debug|Any CPU
		{8CA4E044-9411-40E7-85A8-4CE3E274AF95}.DemoMode|Any CPU.ActiveCfg = Debug|Any CPU
		{8CA4E044-9411-40E7-85A8-4CE3E274AF95}.DemoMode|Any CPU.Build.0 = Debug|Any CPU
		{8CA4E044-9411-40E7-85A8-4CE3E274AF95}.Deploy|Any CPU.ActiveCfg = Debug|Any CPU
		{8CA4E044-9411-40E7-85A8-4CE3E274AF95}.Deploy|Any CPU.Build.0 = Debug|Any CPU
		{8CA4E044-9411-40E7-85A8-4CE3E274AF95}.net40|Any CPU.ActiveCfg = Release|Any CPU
		{8CA4E044-9411-40E7-85A8-4CE3E274AF95}.net40|Any CPU.Build.0 = Release|Any CPU
		{8CA4E044-9411-40E7-85A8-4CE3E274AF95}.Release|Any CPU.ActiveCfg = Release|Any CPU
		{8CA4E044-9411-40E7-85A8-4CE3E274AF95}.Release|Any CPU.Build.0 = Release|Any CPU
		{8CA4E044-9411-40E7-85A8-4CE3E274AF95}.SandBox|Any CPU.ActiveCfg = Release|Any CPU
		{8CA4E044-9411-40E7-85A8-4CE3E274AF95}.SandBox|Any CPU.Build.0 = Release|Any CPU
		{8CA4E044-9411-40E7-85A8-4CE3E274AF95}.Shareware|Any CPU.ActiveCfg = Release|Any CPU
		{8CA4E044-9411-40E7-85A8-4CE3E274AF95}.Shareware|Any CPU.Build.0 = Release|Any CPU
		{863BAB11-5D9E-4EE4-B22E-16AB53DC166A}.Debug|Any CPU.ActiveCfg = Debug|Any CPU
		{863BAB11-5D9E-4EE4-B22E-16AB53DC166A}.Debug|Any CPU.Build.0 = Debug|Any CPU
		{863BAB11-5D9E-4EE4-B22E-16AB53DC166A}.DemoMode|Any CPU.ActiveCfg = Debug|Any CPU
		{863BAB11-5D9E-4EE4-B22E-16AB53DC166A}.DemoMode|Any CPU.Build.0 = Debug|Any CPU
		{863BAB11-5D9E-4EE4-B22E-16AB53DC166A}.Deploy|Any CPU.ActiveCfg = Debug|Any CPU
		{863BAB11-5D9E-4EE4-B22E-16AB53DC166A}.Deploy|Any CPU.Build.0 = Debug|Any CPU
		{863BAB11-5D9E-4EE4-B22E-16AB53DC166A}.net40|Any CPU.ActiveCfg = Debug|Any CPU
		{863BAB11-5D9E-4EE4-B22E-16AB53DC166A}.net40|Any CPU.Build.0 = Debug|Any CPU
		{863BAB11-5D9E-4EE4-B22E-16AB53DC166A}.Release|Any CPU.ActiveCfg = Debug|Any CPU
		{863BAB11-5D9E-4EE4-B22E-16AB53DC166A}.Release|Any CPU.Build.0 = Debug|Any CPU
		{863BAB11-5D9E-4EE4-B22E-16AB53DC166A}.SandBox|Any CPU.ActiveCfg = Debug|Any CPU
		{863BAB11-5D9E-4EE4-B22E-16AB53DC166A}.SandBox|Any CPU.Build.0 = Debug|Any CPU
		{863BAB11-5D9E-4EE4-B22E-16AB53DC166A}.Shareware|Any CPU.ActiveCfg = Debug|Any CPU
		{863BAB11-5D9E-4EE4-B22E-16AB53DC166A}.Shareware|Any CPU.Build.0 = Debug|Any CPU
		{F7911D80-F226-46D1-92B0-4E2E420683EE}.Debug|Any CPU.ActiveCfg = Debug|Any CPU
		{F7911D80-F226-46D1-92B0-4E2E420683EE}.Debug|Any CPU.Build.0 = Debug|Any CPU
		{F7911D80-F226-46D1-92B0-4E2E420683EE}.DemoMode|Any CPU.ActiveCfg = Debug|Any CPU
		{F7911D80-F226-46D1-92B0-4E2E420683EE}.DemoMode|Any CPU.Build.0 = Debug|Any CPU
		{F7911D80-F226-46D1-92B0-4E2E420683EE}.Deploy|Any CPU.ActiveCfg = Debug|Any CPU
		{F7911D80-F226-46D1-92B0-4E2E420683EE}.Deploy|Any CPU.Build.0 = Debug|Any CPU
		{F7911D80-F226-46D1-92B0-4E2E420683EE}.net40|Any CPU.ActiveCfg = Release|Any CPU
		{F7911D80-F226-46D1-92B0-4E2E420683EE}.net40|Any CPU.Build.0 = Release|Any CPU
		{F7911D80-F226-46D1-92B0-4E2E420683EE}.Release|Any CPU.ActiveCfg = Release|Any CPU
		{F7911D80-F226-46D1-92B0-4E2E420683EE}.Release|Any CPU.Build.0 = Release|Any CPU
		{F7911D80-F226-46D1-92B0-4E2E420683EE}.SandBox|Any CPU.ActiveCfg = Release|Any CPU
		{F7911D80-F226-46D1-92B0-4E2E420683EE}.SandBox|Any CPU.Build.0 = Release|Any CPU
		{F7911D80-F226-46D1-92B0-4E2E420683EE}.Shareware|Any CPU.ActiveCfg = Release|Any CPU
		{F7911D80-F226-46D1-92B0-4E2E420683EE}.Shareware|Any CPU.Build.0 = Release|Any CPU
		{1C9829A8-8979-4493-863C-635726F8A61C}.Debug|Any CPU.ActiveCfg = Debug|Any CPU
		{1C9829A8-8979-4493-863C-635726F8A61C}.Debug|Any CPU.Build.0 = Debug|Any CPU
		{1C9829A8-8979-4493-863C-635726F8A61C}.DemoMode|Any CPU.ActiveCfg = Deploy|Any CPU
		{1C9829A8-8979-4493-863C-635726F8A61C}.DemoMode|Any CPU.Build.0 = Deploy|Any CPU
		{1C9829A8-8979-4493-863C-635726F8A61C}.Deploy|Any CPU.ActiveCfg = Deploy|Any CPU
		{1C9829A8-8979-4493-863C-635726F8A61C}.Deploy|Any CPU.Build.0 = Deploy|Any CPU
		{1C9829A8-8979-4493-863C-635726F8A61C}.net40|Any CPU.ActiveCfg = net40|Any CPU
		{1C9829A8-8979-4493-863C-635726F8A61C}.net40|Any CPU.Build.0 = net40|Any CPU
		{1C9829A8-8979-4493-863C-635726F8A61C}.Release|Any CPU.ActiveCfg = Release|Any CPU
		{1C9829A8-8979-4493-863C-635726F8A61C}.Release|Any CPU.Build.0 = Release|Any CPU
		{1C9829A8-8979-4493-863C-635726F8A61C}.SandBox|Any CPU.ActiveCfg = SandBox|Any CPU
		{1C9829A8-8979-4493-863C-635726F8A61C}.SandBox|Any CPU.Build.0 = SandBox|Any CPU
		{1C9829A8-8979-4493-863C-635726F8A61C}.Shareware|Any CPU.ActiveCfg = SandBox|Any CPU
		{1C9829A8-8979-4493-863C-635726F8A61C}.Shareware|Any CPU.Build.0 = SandBox|Any CPU
	EndGlobalSection
	GlobalSection(SolutionProperties) = preSolution
		HideSolutionNode = FALSE
	EndGlobalSection
EndGlobal
