
Microsoft Visual Studio Solution File, Format Version 12.00
# Visual Studio 15
VisualStudioVersion = 15.0.26430.14
MinimumVisualStudioVersion = 10.0.40219.1
Project("{FAE04EC0-301F-11D3-BF4B-00C04F79EFBC}") = "WebSurge", "WebSurge\WebSurge.csproj", "{978F07C6-754B-43CF-9E3C-73D2AA716074}"
EndProject
Project("{FAE04EC0-301F-11D3-BF4B-00C04F79EFBC}") = "WebSurge.Tests", "WebSurge.Tests\WebSurge.Tests.csproj", "{AB515E3A-CD65-4359-AFA3-995B9BE943DA}"
EndProject
Project("{FAE04EC0-301F-11D3-BF4B-00C04F79EFBC}") = "WebSurge.Core", "WebSurge.Core\WebSurge.Core.csproj", "{9FFDE5F2-1DBF-43DF-BE64-FD543F355444}"
EndProject
Project("{FAE04EC0-301F-11D3-BF4B-00C04F79EFBC}") = "WebSurgeCli", "WebSurgeCli\WebSurgeCli.csproj", "{CC2FF462-53FA-4392-8D8B-53B932AA48A2}"
EndProject
Project("{2150E333-8FDC-42A3-9474-1A3956D46DE8}") = "Docs", "Docs", "{D2199721-D8A0-42B7-962B-E7562F9530A0}"
	ProjectSection(SolutionItems) = preProject
		ChangeLog.md = ChangeLog.md
		Readme.md = Readme.md
		ToDo.md = ToDo.md
	EndProjectSection
EndProject
Project("{2150E333-8FDC-42A3-9474-1A3956D46DE8}") = "Solution Items", "Solution Items", "{35CE5CBE-2C7A-4634-B0D1-D14CA232B375}"
	ProjectSection(SolutionItems) = preProject
		WebEssentials-Settings.json = WebEssentials-Settings.json
	EndProjectSection
EndProject
Project("{E24C65DC-7377-472B-9ABA-BC803B73C61A}") = "WebSurgeWebSite", "WebSurgeWebSite\", "{26C094A5-41FA-4727-A44C-E128B5655C59}"
	ProjectSection(WebsiteProperties) = preProject
		TargetFrameworkMoniker = ".NETFramework,Version%3Dv4.0"
		Debug.AspNetCompiler.VirtualPath = "/localhost_15970"
		Debug.AspNetCompiler.PhysicalPath = "WebSurgeWebSite\"
		Debug.AspNetCompiler.TargetPath = "PrecompiledWeb\localhost_15970\"
		Debug.AspNetCompiler.Updateable = "true"
		Debug.AspNetCompiler.ForceOverwrite = "true"
		Debug.AspNetCompiler.FixedNames = "false"
		Debug.AspNetCompiler.Debug = "True"
		Release.AspNetCompiler.VirtualPath = "/localhost_15970"
		Release.AspNetCompiler.PhysicalPath = "WebSurgeWebSite\"
		Release.AspNetCompiler.TargetPath = "PrecompiledWeb\localhost_15970\"
		Release.AspNetCompiler.Updateable = "true"
		Release.AspNetCompiler.ForceOverwrite = "true"
		Release.AspNetCompiler.FixedNames = "false"
		Release.AspNetCompiler.Debug = "False"
		VWDPort = "15970"
		SlnRelativePath = "WebSurgeWebSite\"
	EndProjectSection
EndProject
Global
	GlobalSection(SolutionConfigurationPlatforms) = preSolution
		Debug|Any CPU = Debug|Any CPU
		DemoMode|Any CPU = DemoMode|Any CPU
		Deploy|Any CPU = Deploy|Any CPU
		net40|Any CPU = net40|Any CPU
		Release|Any CPU = Release|Any CPU
		SandBox|Any CPU = SandBox|Any CPU
		Shareware|Any CPU = Shareware|Any CPU
	EndGlobalSection
	GlobalSection(ProjectConfigurationPlatforms) = postSolution
		{978F07C6-754B-43CF-9E3C-73D2AA716074}.Debug|Any CPU.ActiveCfg = Debug|Any CPU
		{978F07C6-754B-43CF-9E3C-73D2AA716074}.Debug|Any CPU.Build.0 = Debug|Any CPU
		{978F07C6-754B-43CF-9E3C-73D2AA716074}.DemoMode|Any CPU.ActiveCfg = Debug|Any CPU
		{978F07C6-754B-43CF-9E3C-73D2AA716074}.DemoMode|Any CPU.Build.0 = Debug|Any CPU
		{978F07C6-754B-43CF-9E3C-73D2AA716074}.Deploy|Any CPU.ActiveCfg = Debug|Any CPU
		{978F07C6-754B-43CF-9E3C-73D2AA716074}.Deploy|Any CPU.Build.0 = Debug|Any CPU
		{978F07C6-754B-43CF-9E3C-73D2AA716074}.net40|Any CPU.ActiveCfg = Release|Any CPU
		{978F07C6-754B-43CF-9E3C-73D2AA716074}.net40|Any CPU.Build.0 = Release|Any CPU
		{978F07C6-754B-43CF-9E3C-73D2AA716074}.Release|Any CPU.ActiveCfg = Release|Any CPU
		{978F07C6-754B-43CF-9E3C-73D2AA716074}.Release|Any CPU.Build.0 = Release|Any CPU
		{978F07C6-754B-43CF-9E3C-73D2AA716074}.SandBox|Any CPU.ActiveCfg = Release|Any CPU
		{978F07C6-754B-43CF-9E3C-73D2AA716074}.SandBox|Any CPU.Build.0 = Release|Any CPU
		{978F07C6-754B-43CF-9E3C-73D2AA716074}.Shareware|Any CPU.ActiveCfg = Release|Any CPU
		{978F07C6-754B-43CF-9E3C-73D2AA716074}.Shareware|Any CPU.Build.0 = Release|Any CPU
		{AB515E3A-CD65-4359-AFA3-995B9BE943DA}.Debug|Any CPU.ActiveCfg = Debug|Any CPU
		{AB515E3A-CD65-4359-AFA3-995B9BE943DA}.Debug|Any CPU.Build.0 = Debug|Any CPU
		{AB515E3A-CD65-4359-AFA3-995B9BE943DA}.DemoMode|Any CPU.ActiveCfg = Debug|Any CPU
		{AB515E3A-CD65-4359-AFA3-995B9BE943DA}.DemoMode|Any CPU.Build.0 = Debug|Any CPU
		{AB515E3A-CD65-4359-AFA3-995B9BE943DA}.Deploy|Any CPU.ActiveCfg = Debug|Any CPU
		{AB515E3A-CD65-4359-AFA3-995B9BE943DA}.Deploy|Any CPU.Build.0 = Debug|Any CPU
		{AB515E3A-CD65-4359-AFA3-995B9BE943DA}.net40|Any CPU.ActiveCfg = Release|Any CPU
		{AB515E3A-CD65-4359-AFA3-995B9BE943DA}.net40|Any CPU.Build.0 = Release|Any CPU
		{AB515E3A-CD65-4359-AFA3-995B9BE943DA}.Release|Any CPU.ActiveCfg = Release|Any CPU
		{AB515E3A-CD65-4359-AFA3-995B9BE943DA}.Release|Any CPU.Build.0 = Release|Any CPU
		{AB515E3A-CD65-4359-AFA3-995B9BE943DA}.SandBox|Any CPU.ActiveCfg = Release|Any CPU
		{AB515E3A-CD65-4359-AFA3-995B9BE943DA}.SandBox|Any CPU.Build.0 = Release|Any CPU
		{AB515E3A-CD65-4359-AFA3-995B9BE943DA}.Shareware|Any CPU.ActiveCfg = Release|Any CPU
		{AB515E3A-CD65-4359-AFA3-995B9BE943DA}.Shareware|Any CPU.Build.0 = Release|Any CPU
		{9FFDE5F2-1DBF-43DF-BE64-FD543F355444}.Debug|Any CPU.ActiveCfg = Debug|Any CPU
		{9FFDE5F2-1DBF-43DF-BE64-FD543F355444}.Debug|Any CPU.Build.0 = Debug|Any CPU
		{9FFDE5F2-1DBF-43DF-BE64-FD543F355444}.DemoMode|Any CPU.ActiveCfg = Debug|Any CPU
		{9FFDE5F2-1DBF-43DF-BE64-FD543F355444}.DemoMode|Any CPU.Build.0 = Debug|Any CPU
		{9FFDE5F2-1DBF-43DF-BE64-FD543F355444}.Deploy|Any CPU.ActiveCfg = Debug|Any CPU
		{9FFDE5F2-1DBF-43DF-BE64-FD543F355444}.Deploy|Any CPU.Build.0 = Debug|Any CPU
		{9FFDE5F2-1DBF-43DF-BE64-FD543F355444}.net40|Any CPU.ActiveCfg = Release|Any CPU
		{9FFDE5F2-1DBF-43DF-BE64-FD543F355444}.net40|Any CPU.Build.0 = Release|Any CPU
		{9FFDE5F2-1DBF-43DF-BE64-FD543F355444}.Release|Any CPU.ActiveCfg = Release|Any CPU
		{9FFDE5F2-1DBF-43DF-BE64-FD543F355444}.Release|Any CPU.Build.0 = Release|Any CPU
		{9FFDE5F2-1DBF-43DF-BE64-FD543F355444}.SandBox|Any CPU.ActiveCfg = Release|Any CPU
		{9FFDE5F2-1DBF-43DF-BE64-FD543F355444}.SandBox|Any CPU.Build.0 = Release|Any CPU
		{9FFDE5F2-1DBF-43DF-BE64-FD543F355444}.Shareware|Any CPU.ActiveCfg = Release|Any CPU
		{9FFDE5F2-1DBF-43DF-BE64-FD543F355444}.Shareware|Any CPU.Build.0 = Release|Any CPU
		{CC2FF462-53FA-4392-8D8B-53B932AA48A2}.Debug|Any CPU.ActiveCfg = Debug|Any CPU
		{CC2FF462-53FA-4392-8D8B-53B932AA48A2}.Debug|Any CPU.Build.0 = Debug|Any CPU
		{CC2FF462-53FA-4392-8D8B-53B932AA48A2}.DemoMode|Any CPU.ActiveCfg = Debug|Any CPU
		{CC2FF462-53FA-4392-8D8B-53B932AA48A2}.DemoMode|Any CPU.Build.0 = Debug|Any CPU
		{CC2FF462-53FA-4392-8D8B-53B932AA48A2}.Deploy|Any CPU.ActiveCfg = Debug|Any CPU
		{CC2FF462-53FA-4392-8D8B-53B932AA48A2}.Deploy|Any CPU.Build.0 = Debug|Any CPU
		{CC2FF462-53FA-4392-8D8B-53B932AA48A2}.net40|Any CPU.ActiveCfg = Release|Any CPU
		{CC2FF462-53FA-4392-8D8B-53B932AA48A2}.net40|Any CPU.Build.0 = Release|Any CPU
		{CC2FF462-53FA-4392-8D8B-53B932AA48A2}.Release|Any CPU.ActiveCfg = Release|Any CPU
		{CC2FF462-53FA-4392-8D8B-53B932AA48A2}.Release|Any CPU.Build.0 = Release|Any CPU
		{CC2FF462-53FA-4392-8D8B-53B932AA48A2}.SandBox|Any CPU.ActiveCfg = Release|Any CPU
		{CC2FF462-53FA-4392-8D8B-53B932AA48A2}.SandBox|Any CPU.Build.0 = Release|Any CPU
		{CC2FF462-53FA-4392-8D8B-53B932AA48A2}.Shareware|Any CPU.ActiveCfg = Release|Any CPU
		{CC2FF462-53FA-4392-8D8B-53B932AA48A2}.Shareware|Any CPU.Build.0 = Release|Any CPU
		{26C094A5-41FA-4727-A44C-E128B5655C59}.Debug|Any CPU.ActiveCfg = Debug|Any CPU
		{26C094A5-41FA-4727-A44C-E128B5655C59}.Debug|Any CPU.Build.0 = Debug|Any CPU
		{26C094A5-41FA-4727-A44C-E128B5655C59}.DemoMode|Any CPU.ActiveCfg = Debug|Any CPU
		{26C094A5-41FA-4727-A44C-E128B5655C59}.DemoMode|Any CPU.Build.0 = Debug|Any CPU
		{26C094A5-41FA-4727-A44C-E128B5655C59}.Deploy|Any CPU.ActiveCfg = Debug|Any CPU
		{26C094A5-41FA-4727-A44C-E128B5655C59}.Deploy|Any CPU.Build.0 = Debug|Any CPU
		{26C094A5-41FA-4727-A44C-E128B5655C59}.net40|Any CPU.ActiveCfg = Debug|Any CPU
		{26C094A5-41FA-4727-A44C-E128B5655C59}.net40|Any CPU.Build.0 = Debug|Any CPU
		{26C094A5-41FA-4727-A44C-E128B5655C59}.Release|Any CPU.ActiveCfg = Debug|Any CPU
		{26C094A5-41FA-4727-A44C-E128B5655C59}.Release|Any CPU.Build.0 = Debug|Any CPU
		{26C094A5-41FA-4727-A44C-E128B5655C59}.SandBox|Any CPU.ActiveCfg = Debug|Any CPU
		{26C094A5-41FA-4727-A44C-E128B5655C59}.SandBox|Any CPU.Build.0 = Debug|Any CPU
		{26C094A5-41FA-4727-A44C-E128B5655C59}.Shareware|Any CPU.ActiveCfg = Debug|Any CPU
		{26C094A5-41FA-4727-A44C-E128B5655C59}.Shareware|Any CPU.Build.0 = Debug|Any CPU
	EndGlobalSection
	GlobalSection(SolutionProperties) = preSolution
		HideSolutionNode = FALSE
	EndGlobalSection
	GlobalSection(NestedProjects) = preSolution
		{26C094A5-41FA-4727-A44C-E128B5655C59} = {D2199721-D8A0-42B7-962B-E7562F9530A0}
	EndGlobalSection
EndGlobal
